
Microsoft Visual Studio Solution File, Format Version 12.00
# Visual Studio Version 17
VisualStudioVersion = 17.7.34009.444
MinimumVisualStudioVersion = 10.0.40219.1
Project("{2150E333-8FDC-42A3-9474-1A3956D46DE8}") = "BuildingBlocks", "BuildingBlocks", "{AF89A30E-029D-4E27-BF0D-8D9ADA9FB872}"
EndProject
Project("{2150E333-8FDC-42A3-9474-1A3956D46DE8}") = "Services", "Services", "{07A9BC1F-9C0D-4BFF-B008-ACFC3872F577}"
EndProject
Project("{2150E333-8FDC-42A3-9474-1A3956D46DE8}") = "Core", "Core", "{1132FA51-6B4D-40B4-B2F5-AA1B283E7118}"
EndProject
Project("{9A19103F-16F7-4668-BE54-9A1E7A4F7556}") = "PicPaySimplificado.Core", "src\BuildingBlocks\PicPaySimplificado.Core\PicPaySimplificado.Core.csproj", "{8248AD65-8A41-4350-B712-D04F2096AE53}"
EndProject
Project("{2150E333-8FDC-42A3-9474-1A3956D46DE8}") = "PicPaySimplificado", "PicPaySimplificado", "{09A581D9-CE32-483A-9A53-AFEF6626ADA0}"
EndProject
Project("{2150E333-8FDC-42A3-9474-1A3956D46DE8}") = "Domain", "Domain", "{9820F727-3C57-4ADE-ACCF-BE9FB87335BA}"
EndProject
Project("{2150E333-8FDC-42A3-9474-1A3956D46DE8}") = "Data", "Data", "{1DEF91AC-AB0B-47B1-989F-2AEEA5BDD797}"
EndProject
Project("{2150E333-8FDC-42A3-9474-1A3956D46DE8}") = "Application", "Application", "{0B4F12EB-EBE9-444C-A025-65A64D526962}"
EndProject
Project("{2150E333-8FDC-42A3-9474-1A3956D46DE8}") = "APIs", "APIs", "{7E32463B-DDD4-4389-BF2F-25F179047BF8}"
EndProject
Project("{9A19103F-16F7-4668-BE54-9A1E7A4F7556}") = "PicPaySimplificado.Domain", "src\Services\Domain\ClassLibrary1\PicPaySimplificado.Domain.csproj", "{D73482BB-EF45-491E-91B4-0877F71058E2}"
EndProject
Project("{9A19103F-16F7-4668-BE54-9A1E7A4F7556}") = "PicPaySimplificado.Data", "src\Services\Data\PicPaySimplificado.Data\PicPaySimplificado.Data.csproj", "{C19A1ECA-701A-4387-BACF-5E4AAC079F6F}"
EndProject
Project("{9A19103F-16F7-4668-BE54-9A1E7A4F7556}") = "PicPaySimplificado.Application", "src\Services\Application\PicPaySimplificado.Application\PicPaySimplificado.Application.csproj", "{48774DF8-79BC-4FB3-9AFC-CF8F8BFA9C26}"
EndProject
Project("{9A19103F-16F7-4668-BE54-9A1E7A4F7556}") = "PicPaySimplificado.WebApi", "src\Services\APIs\PicPaySimplificado.WebApi\PicPaySimplificado.WebApi.csproj", "{B06222AC-1B47-474B-A98F-1A63BFA91EE6}"
EndProject
Project("{2150E333-8FDC-42A3-9474-1A3956D46DE8}") = "Infrastructure", "Infrastructure", "{F6DF6D0A-6D0D-459F-918D-8E9AF33261F6}"
EndProject
Project("{9A19103F-16F7-4668-BE54-9A1E7A4F7556}") = "PicPaySimplificado.Infrastructure", "src\Services\Infrastructure\PicPaySimplificado.Infrastructure\PicPaySimplificado.Infrastructure.csproj", "{24CC815D-0967-40A6-BD88-6F9B0F384906}"
EndProject
Project("{2150E333-8FDC-42A3-9474-1A3956D46DE8}") = "QeueConsumers", "QeueConsumers", "{26D469FC-10CE-487F-8DB8-FFCFB46D0C87}"
EndProject
Project("{9A19103F-16F7-4668-BE54-9A1E7A4F7556}") = "PicPaySimplificado.UserConsumer", "src\Services\QeueConsumers\PicPaySimplificado.UserConsumer\PicPaySimplificado.UserConsumer.csproj", "{EA335242-156A-4B9E-8C1F-6210597BC527}"
EndProject
Project("{9A19103F-16F7-4668-BE54-9A1E7A4F7556}") = "PicPaySimplificado.TransactionConsumer", "src\Services\QeueConsumers\PicPaySimplificado.TransactionConsumer\PicPaySimplificado.TransactionConsumer.csproj", "{A4653EA2-4E98-4368-AC01-9560C92B8717}"
EndProject
Project("{E53339B2-1760-4266-BCC7-CA923CBCF16C}") = "docker-compose", "docker-compose.dcproj", "{3D781956-E25C-44EE-8290-4B2F99D1CCD2}"
EndProject
Global
	GlobalSection(SolutionConfigurationPlatforms) = preSolution
		Debug|Any CPU = Debug|Any CPU
		Release|Any CPU = Release|Any CPU
	EndGlobalSection
	GlobalSection(ProjectConfigurationPlatforms) = postSolution
		{8248AD65-8A41-4350-B712-D04F2096AE53}.Debug|Any CPU.ActiveCfg = Debug|Any CPU
		{8248AD65-8A41-4350-B712-D04F2096AE53}.Debug|Any CPU.Build.0 = Debug|Any CPU
		{8248AD65-8A41-4350-B712-D04F2096AE53}.Release|Any CPU.ActiveCfg = Release|Any CPU
		{8248AD65-8A41-4350-B712-D04F2096AE53}.Release|Any CPU.Build.0 = Release|Any CPU
		{D73482BB-EF45-491E-91B4-0877F71058E2}.Debug|Any CPU.ActiveCfg = Debug|Any CPU
		{D73482BB-EF45-491E-91B4-0877F71058E2}.Debug|Any CPU.Build.0 = Debug|Any CPU
		{D73482BB-EF45-491E-91B4-0877F71058E2}.Release|Any CPU.ActiveCfg = Release|Any CPU
		{D73482BB-EF45-491E-91B4-0877F71058E2}.Release|Any CPU.Build.0 = Release|Any CPU
		{C19A1ECA-701A-4387-BACF-5E4AAC079F6F}.Debug|Any CPU.ActiveCfg = Debug|Any CPU
		{C19A1ECA-701A-4387-BACF-5E4AAC079F6F}.Debug|Any CPU.Build.0 = Debug|Any CPU
		{C19A1ECA-701A-4387-BACF-5E4AAC079F6F}.Release|Any CPU.ActiveCfg = Release|Any CPU
		{C19A1ECA-701A-4387-BACF-5E4AAC079F6F}.Release|Any CPU.Build.0 = Release|Any CPU
		{48774DF8-79BC-4FB3-9AFC-CF8F8BFA9C26}.Debug|Any CPU.ActiveCfg = Debug|Any CPU
		{48774DF8-79BC-4FB3-9AFC-CF8F8BFA9C26}.Debug|Any CPU.Build.0 = Debug|Any CPU
		{48774DF8-79BC-4FB3-9AFC-CF8F8BFA9C26}.Release|Any CPU.ActiveCfg = Release|Any CPU
		{48774DF8-79BC-4FB3-9AFC-CF8F8BFA9C26}.Release|Any CPU.Build.0 = Release|Any CPU
		{B06222AC-1B47-474B-A98F-1A63BFA91EE6}.Debug|Any CPU.ActiveCfg = Debug|Any CPU
		{B06222AC-1B47-474B-A98F-1A63BFA91EE6}.Debug|Any CPU.Build.0 = Debug|Any CPU
		{B06222AC-1B47-474B-A98F-1A63BFA91EE6}.Release|Any CPU.ActiveCfg = Release|Any CPU
		{B06222AC-1B47-474B-A98F-1A63BFA91EE6}.Release|Any CPU.Build.0 = Release|Any CPU
		{24CC815D-0967-40A6-BD88-6F9B0F384906}.Debug|Any CPU.ActiveCfg = Debug|Any CPU
		{24CC815D-0967-40A6-BD88-6F9B0F384906}.Debug|Any CPU.Build.0 = Debug|Any CPU
		{24CC815D-0967-40A6-BD88-6F9B0F384906}.Release|Any CPU.ActiveCfg = Release|Any CPU
		{24CC815D-0967-40A6-BD88-6F9B0F384906}.Release|Any CPU.Build.0 = Release|Any CPU
		{EA335242-156A-4B9E-8C1F-6210597BC527}.Debug|Any CPU.ActiveCfg = Debug|Any CPU
		{EA335242-156A-4B9E-8C1F-6210597BC527}.Debug|Any CPU.Build.0 = Debug|Any CPU
		{EA335242-156A-4B9E-8C1F-6210597BC527}.Release|Any CPU.ActiveCfg = Release|Any CPU
		{EA335242-156A-4B9E-8C1F-6210597BC527}.Release|Any CPU.Build.0 = Release|Any CPU
		{A4653EA2-4E98-4368-AC01-9560C92B8717}.Debug|Any CPU.ActiveCfg = Debug|Any CPU
		{A4653EA2-4E98-4368-AC01-9560C92B8717}.Debug|Any CPU.Build.0 = Debug|Any CPU
		{A4653EA2-4E98-4368-AC01-9560C92B8717}.Release|Any CPU.ActiveCfg = Release|Any CPU
		{A4653EA2-4E98-4368-AC01-9560C92B8717}.Release|Any CPU.Build.0 = Release|Any CPU
		{3D781956-E25C-44EE-8290-4B2F99D1CCD2}.Debug|Any CPU.ActiveCfg = Debug|Any CPU
		{3D781956-E25C-44EE-8290-4B2F99D1CCD2}.Debug|Any CPU.Build.0 = Debug|Any CPU
		{3D781956-E25C-44EE-8290-4B2F99D1CCD2}.Release|Any CPU.ActiveCfg = Release|Any CPU
		{3D781956-E25C-44EE-8290-4B2F99D1CCD2}.Release|Any CPU.Build.0 = Release|Any CPU
	EndGlobalSection
	GlobalSection(SolutionProperties) = preSolution
		HideSolutionNode = FALSE
	EndGlobalSection
	GlobalSection(NestedProjects) = preSolution
		{1132FA51-6B4D-40B4-B2F5-AA1B283E7118} = {AF89A30E-029D-4E27-BF0D-8D9ADA9FB872}
		{8248AD65-8A41-4350-B712-D04F2096AE53} = {1132FA51-6B4D-40B4-B2F5-AA1B283E7118}
		{09A581D9-CE32-483A-9A53-AFEF6626ADA0} = {07A9BC1F-9C0D-4BFF-B008-ACFC3872F577}
		{9820F727-3C57-4ADE-ACCF-BE9FB87335BA} = {09A581D9-CE32-483A-9A53-AFEF6626ADA0}
		{1DEF91AC-AB0B-47B1-989F-2AEEA5BDD797} = {09A581D9-CE32-483A-9A53-AFEF6626ADA0}
		{0B4F12EB-EBE9-444C-A025-65A64D526962} = {09A581D9-CE32-483A-9A53-AFEF6626ADA0}
		{7E32463B-DDD4-4389-BF2F-25F179047BF8} = {09A581D9-CE32-483A-9A53-AFEF6626ADA0}
		{D73482BB-EF45-491E-91B4-0877F71058E2} = {9820F727-3C57-4ADE-ACCF-BE9FB87335BA}
		{C19A1ECA-701A-4387-BACF-5E4AAC079F6F} = {1DEF91AC-AB0B-47B1-989F-2AEEA5BDD797}
		{48774DF8-79BC-4FB3-9AFC-CF8F8BFA9C26} = {0B4F12EB-EBE9-444C-A025-65A64D526962}
		{B06222AC-1B47-474B-A98F-1A63BFA91EE6} = {7E32463B-DDD4-4389-BF2F-25F179047BF8}
		{F6DF6D0A-6D0D-459F-918D-8E9AF33261F6} = {09A581D9-CE32-483A-9A53-AFEF6626ADA0}
		{24CC815D-0967-40A6-BD88-6F9B0F384906} = {F6DF6D0A-6D0D-459F-918D-8E9AF33261F6}
		{26D469FC-10CE-487F-8DB8-FFCFB46D0C87} = {09A581D9-CE32-483A-9A53-AFEF6626ADA0}
		{EA335242-156A-4B9E-8C1F-6210597BC527} = {26D469FC-10CE-487F-8DB8-FFCFB46D0C87}
		{A4653EA2-4E98-4368-AC01-9560C92B8717} = {26D469FC-10CE-487F-8DB8-FFCFB46D0C87}
	EndGlobalSection
	GlobalSection(ExtensibilityGlobals) = postSolution
		SolutionGuid = {8F86716C-2112-4096-8035-B2C5D59E3FAD}
	EndGlobalSection
EndGlobal
